
Microsoft Visual Studio Solution File, Format Version 12.00
# Visual Studio Version 17
VisualStudioVersion = 17.4.33205.214
MinimumVisualStudioVersion = 10.0.40219.1
Project("{FAE04EC0-301F-11D3-BF4B-00C04F79EFBC}") = "Aula 13-03 - Idades", "Aula 13-03 - Idades\Aula 13-03 - Idades.csproj", "{E8AB7462-A5A2-40DC-AAE1-69B52CDA0D7D}"
EndProject
Global
	GlobalSection(SolutionConfigurationPlatforms) = preSolution
		Debug|Any CPU = Debug|Any CPU
		Release|Any CPU = Release|Any CPU
	EndGlobalSection
	GlobalSection(ProjectConfigurationPlatforms) = postSolution
		{E8AB7462-A5A2-40DC-AAE1-69B52CDA0D7D}.Debug|Any CPU.ActiveCfg = Debug|Any CPU
		{E8AB7462-A5A2-40DC-AAE1-69B52CDA0D7D}.Debug|Any CPU.Build.0 = Debug|Any CPU
		{E8AB7462-A5A2-40DC-AAE1-69B52CDA0D7D}.Release|Any CPU.ActiveCfg = Release|Any CPU
		{E8AB7462-A5A2-40DC-AAE1-69B52CDA0D7D}.Release|Any CPU.Build.0 = Release|Any CPU
	EndGlobalSection
	GlobalSection(SolutionProperties) = preSolution
		HideSolutionNode = FALSE
	EndGlobalSection
	GlobalSection(ExtensibilityGlobals) = postSolution
		SolutionGuid = {E0DD57EB-A403-40C1-A31C-657DDF401C4B}
	EndGlobalSection
EndGlobal
