
Microsoft Visual Studio Solution File, Format Version 12.00
# Visual Studio Version 17
VisualStudioVersion = 17.4.33205.214
MinimumVisualStudioVersion = 10.0.40219.1
Project("{FAE04EC0-301F-11D3-BF4B-00C04F79EFBC}") = "teste2", "teste2\teste2.csproj", "{D819EA97-F5D5-4331-9E41-5A8108547C58}"
EndProject
Global
	GlobalSection(SolutionConfigurationPlatforms) = preSolution
		Debug|Any CPU = Debug|Any CPU
		Release|Any CPU = Release|Any CPU
	EndGlobalSection
	GlobalSection(ProjectConfigurationPlatforms) = postSolution
		{D819EA97-F5D5-4331-9E41-5A8108547C58}.Debug|Any CPU.ActiveCfg = Debug|Any CPU
		{D819EA97-F5D5-4331-9E41-5A8108547C58}.Debug|Any CPU.Build.0 = Debug|Any CPU
		{D819EA97-F5D5-4331-9E41-5A8108547C58}.Release|Any CPU.ActiveCfg = Release|Any CPU
		{D819EA97-F5D5-4331-9E41-5A8108547C58}.Release|Any CPU.Build.0 = Release|Any CPU
	EndGlobalSection
	GlobalSection(SolutionProperties) = preSolution
		HideSolutionNode = FALSE
	EndGlobalSection
	GlobalSection(ExtensibilityGlobals) = postSolution
		SolutionGuid = {DF6DF4E7-F8E8-4F4B-9728-3C48BD6DEBA9}
	EndGlobalSection
EndGlobal
