
Microsoft Visual Studio Solution File, Format Version 12.00
# Visual Studio Version 17
VisualStudioVersion = 17.4.33205.214
MinimumVisualStudioVersion = 10.0.40219.1
Project("{FAE04EC0-301F-11D3-BF4B-00C04F79EFBC}") = "teste3", "teste3\teste3.csproj", "{43914124-1265-40F8-ABA6-F998E344B746}"
EndProject
Global
	GlobalSection(SolutionConfigurationPlatforms) = preSolution
		Debug|Any CPU = Debug|Any CPU
		Release|Any CPU = Release|Any CPU
	EndGlobalSection
	GlobalSection(ProjectConfigurationPlatforms) = postSolution
		{43914124-1265-40F8-ABA6-F998E344B746}.Debug|Any CPU.ActiveCfg = Debug|Any CPU
		{43914124-1265-40F8-ABA6-F998E344B746}.Debug|Any CPU.Build.0 = Debug|Any CPU
		{43914124-1265-40F8-ABA6-F998E344B746}.Release|Any CPU.ActiveCfg = Release|Any CPU
		{43914124-1265-40F8-ABA6-F998E344B746}.Release|Any CPU.Build.0 = Release|Any CPU
	EndGlobalSection
	GlobalSection(SolutionProperties) = preSolution
		HideSolutionNode = FALSE
	EndGlobalSection
	GlobalSection(ExtensibilityGlobals) = postSolution
		SolutionGuid = {942E9B6C-0B61-4D58-8C5E-FBE6D3ED8E5A}
	EndGlobalSection
EndGlobal
