
Microsoft Visual Studio Solution File, Format Version 12.00
# Visual Studio Version 17
VisualStudioVersion = 17.4.33205.214
MinimumVisualStudioVersion = 10.0.40219.1
Project("{FAE04EC0-301F-11D3-BF4B-00C04F79EFBC}") = "Aula 2902 - Conversões", "Aula 2902 - Conversões\Aula 2902 - Conversões.csproj", "{D001E521-9138-418E-A9D7-21FA5B8DB7EB}"
EndProject
Global
	GlobalSection(SolutionConfigurationPlatforms) = preSolution
		Debug|Any CPU = Debug|Any CPU
		Release|Any CPU = Release|Any CPU
	EndGlobalSection
	GlobalSection(ProjectConfigurationPlatforms) = postSolution
		{D001E521-9138-418E-A9D7-21FA5B8DB7EB}.Debug|Any CPU.ActiveCfg = Debug|Any CPU
		{D001E521-9138-418E-A9D7-21FA5B8DB7EB}.Debug|Any CPU.Build.0 = Debug|Any CPU
		{D001E521-9138-418E-A9D7-21FA5B8DB7EB}.Release|Any CPU.ActiveCfg = Release|Any CPU
		{D001E521-9138-418E-A9D7-21FA5B8DB7EB}.Release|Any CPU.Build.0 = Release|Any CPU
	EndGlobalSection
	GlobalSection(SolutionProperties) = preSolution
		HideSolutionNode = FALSE
	EndGlobalSection
	GlobalSection(ExtensibilityGlobals) = postSolution
		SolutionGuid = {E05F0A9A-6579-423B-9B99-D630380FF2A7}
	EndGlobalSection
EndGlobal
