
Microsoft Visual Studio Solution File, Format Version 12.00
# Visual Studio Version 17
VisualStudioVersion = 17.4.33205.214
MinimumVisualStudioVersion = 10.0.40219.1
Project("{FAE04EC0-301F-11D3-BF4B-00C04F79EFBC}") = "Aula 1403 - Exemplo Métodos de String", "Aula 1403 - Exemplo Métodos de String\Aula 1403 - Exemplo Métodos de String.csproj", "{0CEA59FC-C8E5-4F9D-B69F-2A21C5F33FEB}"
EndProject
Global
	GlobalSection(SolutionConfigurationPlatforms) = preSolution
		Debug|Any CPU = Debug|Any CPU
		Release|Any CPU = Release|Any CPU
	EndGlobalSection
	GlobalSection(ProjectConfigurationPlatforms) = postSolution
		{0CEA59FC-C8E5-4F9D-B69F-2A21C5F33FEB}.Debug|Any CPU.ActiveCfg = Debug|Any CPU
		{0CEA59FC-C8E5-4F9D-B69F-2A21C5F33FEB}.Debug|Any CPU.Build.0 = Debug|Any CPU
		{0CEA59FC-C8E5-4F9D-B69F-2A21C5F33FEB}.Release|Any CPU.ActiveCfg = Release|Any CPU
		{0CEA59FC-C8E5-4F9D-B69F-2A21C5F33FEB}.Release|Any CPU.Build.0 = Release|Any CPU
	EndGlobalSection
	GlobalSection(SolutionProperties) = preSolution
		HideSolutionNode = FALSE
	EndGlobalSection
	GlobalSection(ExtensibilityGlobals) = postSolution
		SolutionGuid = {140EC395-BC38-4CA9-9982-9AC530AAE044}
	EndGlobalSection
EndGlobal
