
Microsoft Visual Studio Solution File, Format Version 12.00
# Visual Studio Version 17
VisualStudioVersion = 17.4.33205.214
MinimumVisualStudioVersion = 10.0.40219.1
Project("{FAE04EC0-301F-11D3-BF4B-00C04F79EFBC}") = "Aula 0205 - ex 51", "Aula 0205 - ex 51\Aula 0205 - ex 51.csproj", "{9669C811-F171-4412-B99E-3B59C43D15B3}"
EndProject
Global
	GlobalSection(SolutionConfigurationPlatforms) = preSolution
		Debug|Any CPU = Debug|Any CPU
		Release|Any CPU = Release|Any CPU
	EndGlobalSection
	GlobalSection(ProjectConfigurationPlatforms) = postSolution
		{9669C811-F171-4412-B99E-3B59C43D15B3}.Debug|Any CPU.ActiveCfg = Debug|Any CPU
		{9669C811-F171-4412-B99E-3B59C43D15B3}.Debug|Any CPU.Build.0 = Debug|Any CPU
		{9669C811-F171-4412-B99E-3B59C43D15B3}.Release|Any CPU.ActiveCfg = Release|Any CPU
		{9669C811-F171-4412-B99E-3B59C43D15B3}.Release|Any CPU.Build.0 = Release|Any CPU
	EndGlobalSection
	GlobalSection(SolutionProperties) = preSolution
		HideSolutionNode = FALSE
	EndGlobalSection
	GlobalSection(ExtensibilityGlobals) = postSolution
		SolutionGuid = {E9513937-1617-4F7C-9D04-8B8C650016AB}
	EndGlobalSection
EndGlobal
